
Microsoft Visual Studio Solution File, Format Version 12.00
# Visual Studio Version 17
VisualStudioVersion = 17.13.35825.156 d17.13
MinimumVisualStudioVersion = 10.0.40219.1
Project("{FAE04EC0-301F-11D3-BF4B-00C04F79EFBC}") = "Airline ReservationList", "Airline ReservationList.csproj", "{EB279BAF-DA7E-4E7E-8BDD-47E2D45B19C5}"
EndProject
Global
	GlobalSection(SolutionConfigurationPlatforms) = preSolution
		Debug|Any CPU = Debug|Any CPU
		Release|Any CPU = Release|Any CPU
	EndGlobalSection
	GlobalSection(ProjectConfigurationPlatforms) = postSolution
		{EB279BAF-DA7E-4E7E-8BDD-47E2D45B19C5}.Debug|Any CPU.ActiveCfg = Debug|Any CPU
		{EB279BAF-DA7E-4E7E-8BDD-47E2D45B19C5}.Debug|Any CPU.Build.0 = Debug|Any CPU
		{EB279BAF-DA7E-4E7E-8BDD-47E2D45B19C5}.Release|Any CPU.ActiveCfg = Release|Any CPU
		{EB279BAF-DA7E-4E7E-8BDD-47E2D45B19C5}.Release|Any CPU.Build.0 = Release|Any CPU
	EndGlobalSection
	GlobalSection(SolutionProperties) = preSolution
		HideSolutionNode = FALSE
	EndGlobalSection
	GlobalSection(ExtensibilityGlobals) = postSolution
		SolutionGuid = {EB7159F4-A459-47E7-B74B-8A340E268808}
	EndGlobalSection
EndGlobal
